// !$*UTF8*$!
{
	archiveVersion = 1;
	classes = {
	};
	objectVersion = 56;
	objects = {

/* Begin PBXBuildFile section */
		6F0F064A2ADA541400B1F598 /* AppDelegate.swift in Sources */ = {isa = PBXBuildFile; fileRef = 6F0F06492ADA541400B1F598 /* AppDelegate.swift */; };
		6F0F064C2ADA541400B1F598 /* SceneDelegate.swift in Sources */ = {isa = PBXBuildFile; fileRef = 6F0F064B2ADA541400B1F598 /* SceneDelegate.swift */; };
		6F0F064E2ADA541400B1F598 /* AuthViewController.swift in Sources */ = {isa = PBXBuildFile; fileRef = 6F0F064D2ADA541400B1F598 /* AuthViewController.swift */; };
		6F0F06512ADA541400B1F598 /* Main.storyboard in Resources */ = {isa = PBXBuildFile; fileRef = 6F0F064F2ADA541400B1F598 /* Main.storyboard */; };
		6F0F06532ADA541500B1F598 /* Assets.xcassets in Resources */ = {isa = PBXBuildFile; fileRef = 6F0F06522ADA541500B1F598 /* Assets.xcassets */; };
		6F0F06562ADA541500B1F598 /* LaunchScreen.storyboard in Resources */ = {isa = PBXBuildFile; fileRef = 6F0F06542ADA541500B1F598 /* LaunchScreen.storyboard */; };
		6F0F06612ADA541500B1F598 /* TQMTests.swift in Sources */ = {isa = PBXBuildFile; fileRef = 6F0F06602ADA541500B1F598 /* TQMTests.swift */; };
		6F0F066B2ADA541500B1F598 /* TQMUITests.swift in Sources */ = {isa = PBXBuildFile; fileRef = 6F0F066A2ADA541500B1F598 /* TQMUITests.swift */; };
		6F0F066D2ADA541500B1F598 /* TQMUITestsLaunchTests.swift in Sources */ = {isa = PBXBuildFile; fileRef = 6F0F066C2ADA541500B1F598 /* TQMUITestsLaunchTests.swift */; };
		6FB2E79C2ADBB1EE00790D2D /* FirebaseAuth in Frameworks */ = {isa = PBXBuildFile; productRef = 6FB2E79B2ADBB1EE00790D2D /* FirebaseAuth */; };
		6FB2E79E2ADBB1EE00790D2D /* FirebaseFirestore in Frameworks */ = {isa = PBXBuildFile; productRef = 6FB2E79D2ADBB1EE00790D2D /* FirebaseFirestore */; };
		6FB2E7A02ADBB1EE00790D2D /* FirebaseFirestoreSwift in Frameworks */ = {isa = PBXBuildFile; productRef = 6FB2E79F2ADBB1EE00790D2D /* FirebaseFirestoreSwift */; };
		6FB2E7A22ADBB1EE00790D2D /* FirebaseFunctions in Frameworks */ = {isa = PBXBuildFile; productRef = 6FB2E7A12ADBB1EE00790D2D /* FirebaseFunctions */; };
		6FB2E7A42ADBB1EE00790D2D /* FirebaseStorage in Frameworks */ = {isa = PBXBuildFile; productRef = 6FB2E7A32ADBB1EE00790D2D /* FirebaseStorage */; };
		6FB2E7A62ADBB7E400790D2D /* GoogleService-Info.plist in Resources */ = {isa = PBXBuildFile; fileRef = 6FB2E7A52ADBB7E400790D2D /* GoogleService-Info.plist */; };
		6FB2E7A82ADBB90B00790D2D /* FirebaseAuthManager.swift in Sources */ = {isa = PBXBuildFile; fileRef = 6FB2E7A72ADBB90B00790D2D /* FirebaseAuthManager.swift */; };
		6FB2E7B12ADBC76E00790D2D /* NavigationController.swift in Sources */ = {isa = PBXBuildFile; fileRef = 6FB2E7B02ADBC76E00790D2D /* NavigationController.swift */; };
		6FB2E7B32ADBC85600790D2D /* EventViewController.swift in Sources */ = {isa = PBXBuildFile; fileRef = 6FB2E7B22ADBC85600790D2D /* EventViewController.swift */; };
/* End PBXBuildFile section */

/* Begin PBXContainerItemProxy section */
		6F0F065D2ADA541500B1F598 /* PBXContainerItemProxy */ = {
			isa = PBXContainerItemProxy;
			containerPortal = 6F0F063E2ADA541400B1F598 /* Project object */;
			proxyType = 1;
			remoteGlobalIDString = 6F0F06452ADA541400B1F598;
			remoteInfo = TQM;
		};
		6F0F06672ADA541500B1F598 /* PBXContainerItemProxy */ = {
			isa = PBXContainerItemProxy;
			containerPortal = 6F0F063E2ADA541400B1F598 /* Project object */;
			proxyType = 1;
			remoteGlobalIDString = 6F0F06452ADA541400B1F598;
			remoteInfo = TQM;
		};
/* End PBXContainerItemProxy section */

/* Begin PBXFileReference section */
		6F0F06462ADA541400B1F598 /* TQM.app */ = {isa = PBXFileReference; explicitFileType = wrapper.application; includeInIndex = 0; path = TQM.app; sourceTree = BUILT_PRODUCTS_DIR; };
		6F0F06492ADA541400B1F598 /* AppDelegate.swift */ = {isa = PBXFileReference; lastKnownFileType = sourcecode.swift; path = AppDelegate.swift; sourceTree = "<group>"; };
		6F0F064B2ADA541400B1F598 /* SceneDelegate.swift */ = {isa = PBXFileReference; lastKnownFileType = sourcecode.swift; path = SceneDelegate.swift; sourceTree = "<group>"; };
		6F0F064D2ADA541400B1F598 /* AuthViewController.swift */ = {isa = PBXFileReference; lastKnownFileType = sourcecode.swift; path = AuthViewController.swift; sourceTree = "<group>"; };
		6F0F06502ADA541400B1F598 /* Base */ = {isa = PBXFileReference; lastKnownFileType = file.storyboard; name = Base; path = Base.lproj/Main.storyboard; sourceTree = "<group>"; };
		6F0F06522ADA541500B1F598 /* Assets.xcassets */ = {isa = PBXFileReference; lastKnownFileType = folder.assetcatalog; path = Assets.xcassets; sourceTree = "<group>"; };
		6F0F06552ADA541500B1F598 /* Base */ = {isa = PBXFileReference; lastKnownFileType = file.storyboard; name = Base; path = Base.lproj/LaunchScreen.storyboard; sourceTree = "<group>"; };
		6F0F06572ADA541500B1F598 /* Info.plist */ = {isa = PBXFileReference; lastKnownFileType = text.plist.xml; path = Info.plist; sourceTree = "<group>"; };
		6F0F065C2ADA541500B1F598 /* TQMTests.xctest */ = {isa = PBXFileReference; explicitFileType = wrapper.cfbundle; includeInIndex = 0; path = TQMTests.xctest; sourceTree = BUILT_PRODUCTS_DIR; };
		6F0F06602ADA541500B1F598 /* TQMTests.swift */ = {isa = PBXFileReference; lastKnownFileType = sourcecode.swift; path = TQMTests.swift; sourceTree = "<group>"; };
		6F0F06662ADA541500B1F598 /* TQMUITests.xctest */ = {isa = PBXFileReference; explicitFileType = wrapper.cfbundle; includeInIndex = 0; path = TQMUITests.xctest; sourceTree = BUILT_PRODUCTS_DIR; };
		6F0F066A2ADA541500B1F598 /* TQMUITests.swift */ = {isa = PBXFileReference; lastKnownFileType = sourcecode.swift; path = TQMUITests.swift; sourceTree = "<group>"; };
		6F0F066C2ADA541500B1F598 /* TQMUITestsLaunchTests.swift */ = {isa = PBXFileReference; lastKnownFileType = sourcecode.swift; path = TQMUITestsLaunchTests.swift; sourceTree = "<group>"; };
		6FB2E7A52ADBB7E400790D2D /* GoogleService-Info.plist */ = {isa = PBXFileReference; fileEncoding = 4; lastKnownFileType = text.plist.xml; path = "GoogleService-Info.plist"; sourceTree = "<group>"; };
		6FB2E7A72ADBB90B00790D2D /* FirebaseAuthManager.swift */ = {isa = PBXFileReference; lastKnownFileType = sourcecode.swift; path = FirebaseAuthManager.swift; sourceTree = "<group>"; };
		6FB2E7B02ADBC76E00790D2D /* NavigationController.swift */ = {isa = PBXFileReference; lastKnownFileType = sourcecode.swift; path = NavigationController.swift; sourceTree = "<group>"; };
		6FB2E7B22ADBC85600790D2D /* EventViewController.swift */ = {isa = PBXFileReference; lastKnownFileType = sourcecode.swift; path = EventViewController.swift; sourceTree = "<group>"; };
/* End PBXFileReference section */

/* Begin PBXFrameworksBuildPhase section */
		6F0F06432ADA541400B1F598 /* Frameworks */ = {
			isa = PBXFrameworksBuildPhase;
			buildActionMask = 2147483647;
			files = (
				6FB2E79C2ADBB1EE00790D2D /* FirebaseAuth in Frameworks */,
				6FB2E79E2ADBB1EE00790D2D /* FirebaseFirestore in Frameworks */,
				6FB2E7A02ADBB1EE00790D2D /* FirebaseFirestoreSwift in Frameworks */,
				6FB2E7A42ADBB1EE00790D2D /* FirebaseStorage in Frameworks */,
				6FB2E7A22ADBB1EE00790D2D /* FirebaseFunctions in Frameworks */,
			);
			runOnlyForDeploymentPostprocessing = 0;
		};
		6F0F06592ADA541500B1F598 /* Frameworks */ = {
			isa = PBXFrameworksBuildPhase;
			buildActionMask = 2147483647;
			files = (
			);
			runOnlyForDeploymentPostprocessing = 0;
		};
		6F0F06632ADA541500B1F598 /* Frameworks */ = {
			isa = PBXFrameworksBuildPhase;
			buildActionMask = 2147483647;
			files = (
			);
			runOnlyForDeploymentPostprocessing = 0;
		};
/* End PBXFrameworksBuildPhase section */

/* Begin PBXGroup section */
		6F0F063D2ADA541400B1F598 = {
			isa = PBXGroup;
			children = (
				6F0F06482ADA541400B1F598 /* TQM */,
				6F0F065F2ADA541500B1F598 /* TQMTests */,
				6F0F06692ADA541500B1F598 /* TQMUITests */,
				6F0F06472ADA541400B1F598 /* Products */,
			);
			sourceTree = "<group>";
		};
		6F0F06472ADA541400B1F598 /* Products */ = {
			isa = PBXGroup;
			children = (
				6F0F06462ADA541400B1F598 /* TQM.app */,
				6F0F065C2ADA541500B1F598 /* TQMTests.xctest */,
				6F0F06662ADA541500B1F598 /* TQMUITests.xctest */,
			);
			name = Products;
			sourceTree = "<group>";
		};
		6F0F06482ADA541400B1F598 /* TQM */ = {
			isa = PBXGroup;
			children = (
				6FB2E7A92ADBB94400790D2D /* Controller */,
				6FB2E7A52ADBB7E400790D2D /* GoogleService-Info.plist */,
				6FC0EE742ADBB0B200212D86 /* Model */,
				6F0F06492ADA541400B1F598 /* AppDelegate.swift */,
				6F0F064B2ADA541400B1F598 /* SceneDelegate.swift */,
				6F0F064F2ADA541400B1F598 /* Main.storyboard */,
				6F0F06522ADA541500B1F598 /* Assets.xcassets */,
				6F0F06542ADA541500B1F598 /* LaunchScreen.storyboard */,
				6F0F06572ADA541500B1F598 /* Info.plist */,
			);
			path = TQM;
			sourceTree = "<group>";
		};
		6F0F065F2ADA541500B1F598 /* TQMTests */ = {
			isa = PBXGroup;
			children = (
				6F0F06602ADA541500B1F598 /* TQMTests.swift */,
			);
			path = TQMTests;
			sourceTree = "<group>";
		};
		6F0F06692ADA541500B1F598 /* TQMUITests */ = {
			isa = PBXGroup;
			children = (
				6F0F066A2ADA541500B1F598 /* TQMUITests.swift */,
				6F0F066C2ADA541500B1F598 /* TQMUITestsLaunchTests.swift */,
			);
			path = TQMUITests;
			sourceTree = "<group>";
		};
		6FB2E7A92ADBB94400790D2D /* Controller */ = {
			isa = PBXGroup;
			children = (
				6F0F064D2ADA541400B1F598 /* AuthViewController.swift */,
				6FB2E7B02ADBC76E00790D2D /* NavigationController.swift */,
				6FB2E7B22ADBC85600790D2D /* EventViewController.swift */,
			);
			path = Controller;
			sourceTree = "<group>";
		};
		6FC0EE742ADBB0B200212D86 /* Model */ = {
			isa = PBXGroup;
			children = (
				6FB2E7A72ADBB90B00790D2D /* FirebaseAuthManager.swift */,
			);
			path = Model;
			sourceTree = "<group>";
		};
/* End PBXGroup section */

/* Begin PBXNativeTarget section */
		6F0F06452ADA541400B1F598 /* TQM */ = {
			isa = PBXNativeTarget;
			buildConfigurationList = 6F0F06702ADA541500B1F598 /* Build configuration list for PBXNativeTarget "TQM" */;
			buildPhases = (
				6F0F06422ADA541400B1F598 /* Sources */,
				6F0F06432ADA541400B1F598 /* Frameworks */,
				6F0F06442ADA541400B1F598 /* Resources */,
			);
			buildRules = (
			);
			dependencies = (
			);
			name = TQM;
			packageProductDependencies = (
				6FB2E79B2ADBB1EE00790D2D /* FirebaseAuth */,
				6FB2E79D2ADBB1EE00790D2D /* FirebaseFirestore */,
				6FB2E79F2ADBB1EE00790D2D /* FirebaseFirestoreSwift */,
				6FB2E7A12ADBB1EE00790D2D /* FirebaseFunctions */,
				6FB2E7A32ADBB1EE00790D2D /* FirebaseStorage */,
			);
			productName = TQM;
			productReference = 6F0F06462ADA541400B1F598 /* TQM.app */;
			productType = "com.apple.product-type.application";
		};
		6F0F065B2ADA541500B1F598 /* TQMTests */ = {
			isa = PBXNativeTarget;
			buildConfigurationList = 6F0F06732ADA541500B1F598 /* Build configuration list for PBXNativeTarget "TQMTests" */;
			buildPhases = (
				6F0F06582ADA541500B1F598 /* Sources */,
				6F0F06592ADA541500B1F598 /* Frameworks */,
				6F0F065A2ADA541500B1F598 /* Resources */,
			);
			buildRules = (
			);
			dependencies = (
				6F0F065E2ADA541500B1F598 /* PBXTargetDependency */,
			);
			name = TQMTests;
			productName = TQMTests;
			productReference = 6F0F065C2ADA541500B1F598 /* TQMTests.xctest */;
			productType = "com.apple.product-type.bundle.unit-test";
		};
		6F0F06652ADA541500B1F598 /* TQMUITests */ = {
			isa = PBXNativeTarget;
			buildConfigurationList = 6F0F06762ADA541500B1F598 /* Build configuration list for PBXNativeTarget "TQMUITests" */;
			buildPhases = (
				6F0F06622ADA541500B1F598 /* Sources */,
				6F0F06632ADA541500B1F598 /* Frameworks */,
				6F0F06642ADA541500B1F598 /* Resources */,
			);
			buildRules = (
			);
			dependencies = (
				6F0F06682ADA541500B1F598 /* PBXTargetDependency */,
			);
			name = TQMUITests;
			productName = TQMUITests;
			productReference = 6F0F06662ADA541500B1F598 /* TQMUITests.xctest */;
			productType = "com.apple.product-type.bundle.ui-testing";
		};
/* End PBXNativeTarget section */

/* Begin PBXProject section */
		6F0F063E2ADA541400B1F598 /* Project object */ = {
			isa = PBXProject;
			attributes = {
				BuildIndependentTargetsInParallel = 1;
				LastSwiftUpdateCheck = 1500;
				LastUpgradeCheck = 1500;
				TargetAttributes = {
					6F0F06452ADA541400B1F598 = {
						CreatedOnToolsVersion = 15.0;
					};
					6F0F065B2ADA541500B1F598 = {
						CreatedOnToolsVersion = 15.0;
						TestTargetID = 6F0F06452ADA541400B1F598;
					};
					6F0F06652ADA541500B1F598 = {
						CreatedOnToolsVersion = 15.0;
						TestTargetID = 6F0F06452ADA541400B1F598;
					};
				};
			};
			buildConfigurationList = 6F0F06412ADA541400B1F598 /* Build configuration list for PBXProject "TQM" */;
			compatibilityVersion = "Xcode 14.0";
			developmentRegion = en;
			hasScannedForEncodings = 0;
			knownRegions = (
				en,
				Base,
			);
			mainGroup = 6F0F063D2ADA541400B1F598;
			packageReferences = (
				6FC0EE732ADBB09100212D86 /* XCRemoteSwiftPackageReference "firebase-ios-sdk" */,
			);
			productRefGroup = 6F0F06472ADA541400B1F598 /* Products */;
			projectDirPath = "";
			projectRoot = "";
			targets = (
				6F0F06452ADA541400B1F598 /* TQM */,
				6F0F065B2ADA541500B1F598 /* TQMTests */,
				6F0F06652ADA541500B1F598 /* TQMUITests */,
			);
		};
/* End PBXProject section */

/* Begin PBXResourcesBuildPhase section */
		6F0F06442ADA541400B1F598 /* Resources */ = {
			isa = PBXResourcesBuildPhase;
			buildActionMask = 2147483647;
			files = (
				6F0F06562ADA541500B1F598 /* LaunchScreen.storyboard in Resources */,
				6FB2E7A62ADBB7E400790D2D /* GoogleService-Info.plist in Resources */,
				6F0F06532ADA541500B1F598 /* Assets.xcassets in Resources */,
				6F0F06512ADA541400B1F598 /* Main.storyboard in Resources */,
			);
			runOnlyForDeploymentPostprocessing = 0;
		};
		6F0F065A2ADA541500B1F598 /* Resources */ = {
			isa = PBXResourcesBuildPhase;
			buildActionMask = 2147483647;
			files = (
			);
			runOnlyForDeploymentPostprocessing = 0;
		};
		6F0F06642ADA541500B1F598 /* Resources */ = {
			isa = PBXResourcesBuildPhase;
			buildActionMask = 2147483647;
			files = (
			);
			runOnlyForDeploymentPostprocessing = 0;
		};
/* End PBXResourcesBuildPhase section */

/* Begin PBXSourcesBuildPhase section */
		6F0F06422ADA541400B1F598 /* Sources */ = {
			isa = PBXSourcesBuildPhase;
			buildActionMask = 2147483647;
			files = (
				6F0F064E2ADA541400B1F598 /* AuthViewController.swift in Sources */,
				6F0F064A2ADA541400B1F598 /* AppDelegate.swift in Sources */,
				6FB2E7B12ADBC76E00790D2D /* NavigationController.swift in Sources */,
				6FB2E7A82ADBB90B00790D2D /* FirebaseAuthManager.swift in Sources */,
				6F0F064C2ADA541400B1F598 /* SceneDelegate.swift in Sources */,
				6FB2E7B32ADBC85600790D2D /* EventViewController.swift in Sources */,
			);
			runOnlyForDeploymentPostprocessing = 0;
		};
		6F0F06582ADA541500B1F598 /* Sources */ = {
			isa = PBXSourcesBuildPhase;
			buildActionMask = 2147483647;
			files = (
				6F0F06612ADA541500B1F598 /* TQMTests.swift in Sources */,
			);
			runOnlyForDeploymentPostprocessing = 0;
		};
		6F0F06622ADA541500B1F598 /* Sources */ = {
			isa = PBXSourcesBuildPhase;
			buildActionMask = 2147483647;
			files = (
				6F0F066B2ADA541500B1F598 /* TQMUITests.swift in Sources */,
				6F0F066D2ADA541500B1F598 /* TQMUITestsLaunchTests.swift in Sources */,
			);
			runOnlyForDeploymentPostprocessing = 0;
		};
/* End PBXSourcesBuildPhase section */

/* Begin PBXTargetDependency section */
		6F0F065E2ADA541500B1F598 /* PBXTargetDependency */ = {
			isa = PBXTargetDependency;
			target = 6F0F06452ADA541400B1F598 /* TQM */;
			targetProxy = 6F0F065D2ADA541500B1F598 /* PBXContainerItemProxy */;
		};
		6F0F06682ADA541500B1F598 /* PBXTargetDependency */ = {
			isa = PBXTargetDependency;
			target = 6F0F06452ADA541400B1F598 /* TQM */;
			targetProxy = 6F0F06672ADA541500B1F598 /* PBXContainerItemProxy */;
		};
/* End PBXTargetDependency section */

/* Begin PBXVariantGroup section */
		6F0F064F2ADA541400B1F598 /* Main.storyboard */ = {
			isa = PBXVariantGroup;
			children = (
				6F0F06502ADA541400B1F598 /* Base */,
			);
			name = Main.storyboard;
			sourceTree = "<group>";
		};
		6F0F06542ADA541500B1F598 /* LaunchScreen.storyboard */ = {
			isa = PBXVariantGroup;
			children = (
				6F0F06552ADA541500B1F598 /* Base */,
			);
			name = LaunchScreen.storyboard;
			sourceTree = "<group>";
		};
/* End PBXVariantGroup section */

/* Begin XCBuildConfiguration section */
		6F0F066E2ADA541500B1F598 /* Debug */ = {
			isa = XCBuildConfiguration;
			buildSettings = {
				ALWAYS_SEARCH_USER_PATHS = NO;
				ASSETCATALOG_COMPILER_GENERATE_SWIFT_ASSET_SYMBOL_EXTENSIONS = YES;
				CLANG_ANALYZER_NONNULL = YES;
				CLANG_ANALYZER_NUMBER_OBJECT_CONVERSION = YES_AGGRESSIVE;
				CLANG_CXX_LANGUAGE_STANDARD = "gnu++20";
				CLANG_ENABLE_MODULES = YES;
				CLANG_ENABLE_OBJC_ARC = YES;
				CLANG_ENABLE_OBJC_WEAK = YES;
				CLANG_WARN_BLOCK_CAPTURE_AUTORELEASING = YES;
				CLANG_WARN_BOOL_CONVERSION = YES;
				CLANG_WARN_COMMA = YES;
				CLANG_WARN_CONSTANT_CONVERSION = YES;
				CLANG_WARN_DEPRECATED_OBJC_IMPLEMENTATIONS = YES;
				CLANG_WARN_DIRECT_OBJC_ISA_USAGE = YES_ERROR;
				CLANG_WARN_DOCUMENTATION_COMMENTS = YES;
				CLANG_WARN_EMPTY_BODY = YES;
				CLANG_WARN_ENUM_CONVERSION = YES;
				CLANG_WARN_INFINITE_RECURSION = YES;
				CLANG_WARN_INT_CONVERSION = YES;
				CLANG_WARN_NON_LITERAL_NULL_CONVERSION = YES;
				CLANG_WARN_OBJC_IMPLICIT_RETAIN_SELF = YES;
				CLANG_WARN_OBJC_LITERAL_CONVERSION = YES;
				CLANG_WARN_OBJC_ROOT_CLASS = YES_ERROR;
				CLANG_WARN_QUOTED_INCLUDE_IN_FRAMEWORK_HEADER = YES;
				CLANG_WARN_RANGE_LOOP_ANALYSIS = YES;
				CLANG_WARN_STRICT_PROTOTYPES = YES;
				CLANG_WARN_SUSPICIOUS_MOVE = YES;
				CLANG_WARN_UNGUARDED_AVAILABILITY = YES_AGGRESSIVE;
				CLANG_WARN_UNREACHABLE_CODE = YES;
				CLANG_WARN__DUPLICATE_METHOD_MATCH = YES;
				COPY_PHASE_STRIP = NO;
				DEBUG_INFORMATION_FORMAT = dwarf;
				ENABLE_STRICT_OBJC_MSGSEND = YES;
				ENABLE_TESTABILITY = YES;
				ENABLE_USER_SCRIPT_SANDBOXING = YES;
				GCC_C_LANGUAGE_STANDARD = gnu17;
				GCC_DYNAMIC_NO_PIC = NO;
				GCC_NO_COMMON_BLOCKS = YES;
				GCC_OPTIMIZATION_LEVEL = 0;
				GCC_PREPROCESSOR_DEFINITIONS = (
					"DEBUG=1",
					"$(inherited)",
				);
				GCC_WARN_64_TO_32_BIT_CONVERSION = YES;
				GCC_WARN_ABOUT_RETURN_TYPE = YES_ERROR;
				GCC_WARN_UNDECLARED_SELECTOR = YES;
				GCC_WARN_UNINITIALIZED_AUTOS = YES_AGGRESSIVE;
				GCC_WARN_UNUSED_FUNCTION = YES;
				GCC_WARN_UNUSED_VARIABLE = YES;
				IPHONEOS_DEPLOYMENT_TARGET = 17.0;
				LOCALIZATION_PREFERS_STRING_CATALOGS = YES;
				MTL_ENABLE_DEBUG_INFO = INCLUDE_SOURCE;
				MTL_FAST_MATH = YES;
				ONLY_ACTIVE_ARCH = YES;
				SDKROOT = iphoneos;
				SWIFT_ACTIVE_COMPILATION_CONDITIONS = "DEBUG $(inherited)";
				SWIFT_OPTIMIZATION_LEVEL = "-Onone";
			};
			name = Debug;
		};
		6F0F066F2ADA541500B1F598 /* Release */ = {
			isa = XCBuildConfiguration;
			buildSettings = {
				ALWAYS_SEARCH_USER_PATHS = NO;
				ASSETCATALOG_COMPILER_GENERATE_SWIFT_ASSET_SYMBOL_EXTENSIONS = YES;
				CLANG_ANALYZER_NONNULL = YES;
				CLANG_ANALYZER_NUMBER_OBJECT_CONVERSION = YES_AGGRESSIVE;
				CLANG_CXX_LANGUAGE_STANDARD = "gnu++20";
				CLANG_ENABLE_MODULES = YES;
				CLANG_ENABLE_OBJC_ARC = YES;
				CLANG_ENABLE_OBJC_WEAK = YES;
				CLANG_WARN_BLOCK_CAPTURE_AUTORELEASING = YES;
				CLANG_WARN_BOOL_CONVERSION = YES;
				CLANG_WARN_COMMA = YES;
				CLANG_WARN_CONSTANT_CONVERSION = YES;
				CLANG_WARN_DEPRECATED_OBJC_IMPLEMENTATIONS = YES;
				CLANG_WARN_DIRECT_OBJC_ISA_USAGE = YES_ERROR;
				CLANG_WARN_DOCUMENTATION_COMMENTS = YES;
				CLANG_WARN_EMPTY_BODY = YES;
				CLANG_WARN_ENUM_CONVERSION = YES;
				CLANG_WARN_INFINITE_RECURSION = YES;
				CLANG_WARN_INT_CONVERSION = YES;
				CLANG_WARN_NON_LITERAL_NULL_CONVERSION = YES;
				CLANG_WARN_OBJC_IMPLICIT_RETAIN_SELF = YES;
				CLANG_WARN_OBJC_LITERAL_CONVERSION = YES;
				CLANG_WARN_OBJC_ROOT_CLASS = YES_ERROR;
				CLANG_WARN_QUOTED_INCLUDE_IN_FRAMEWORK_HEADER = YES;
				CLANG_WARN_RANGE_LOOP_ANALYSIS = YES;
				CLANG_WARN_STRICT_PROTOTYPES = YES;
				CLANG_WARN_SUSPICIOUS_MOVE = YES;
				CLANG_WARN_UNGUARDED_AVAILABILITY = YES_AGGRESSIVE;
				CLANG_WARN_UNREACHABLE_CODE = YES;
				CLANG_WARN__DUPLICATE_METHOD_MATCH = YES;
				COPY_PHASE_STRIP = NO;
				DEBUG_INFORMATION_FORMAT = "dwarf-with-dsym";
				ENABLE_NS_ASSERTIONS = NO;
				ENABLE_STRICT_OBJC_MSGSEND = YES;
				ENABLE_USER_SCRIPT_SANDBOXING = YES;
				GCC_C_LANGUAGE_STANDARD = gnu17;
				GCC_NO_COMMON_BLOCKS = YES;
				GCC_WARN_64_TO_32_BIT_CONVERSION = YES;
				GCC_WARN_ABOUT_RETURN_TYPE = YES_ERROR;
				GCC_WARN_UNDECLARED_SELECTOR = YES;
				GCC_WARN_UNINITIALIZED_AUTOS = YES_AGGRESSIVE;
				GCC_WARN_UNUSED_FUNCTION = YES;
				GCC_WARN_UNUSED_VARIABLE = YES;
				IPHONEOS_DEPLOYMENT_TARGET = 17.0;
				LOCALIZATION_PREFERS_STRING_CATALOGS = YES;
				MTL_ENABLE_DEBUG_INFO = NO;
				MTL_FAST_MATH = YES;
				SDKROOT = iphoneos;
				SWIFT_COMPILATION_MODE = wholemodule;
				VALIDATE_PRODUCT = YES;
			};
			name = Release;
		};
		6F0F06712ADA541500B1F598 /* Debug */ = {
			isa = XCBuildConfiguration;
			buildSettings = {
				ASSETCATALOG_COMPILER_APPICON_NAME = AppIcon;
				ASSETCATALOG_COMPILER_GLOBAL_ACCENT_COLOR_NAME = AccentColor;
				CODE_SIGN_STYLE = Automatic;
				CURRENT_PROJECT_VERSION = 1;
				DEVELOPMENT_TEAM = 4HFU7JS54M;
				GENERATE_INFOPLIST_FILE = YES;
				INFOPLIST_FILE = TQM/Info.plist;
				INFOPLIST_KEY_CFBundleDisplayName = TQM;
				INFOPLIST_KEY_LSApplicationCategoryType = "public.app-category.social-networking";
				INFOPLIST_KEY_UIApplicationSupportsIndirectInputEvents = YES;
				INFOPLIST_KEY_UILaunchStoryboardName = LaunchScreen;
				INFOPLIST_KEY_UIMainStoryboardFile = Main;
				INFOPLIST_KEY_UISupportedInterfaceOrientations_iPad = "UIInterfaceOrientationPortrait UIInterfaceOrientationPortraitUpsideDown UIInterfaceOrientationLandscapeLeft UIInterfaceOrientationLandscapeRight";
				INFOPLIST_KEY_UISupportedInterfaceOrientations_iPhone = "UIInterfaceOrientationPortrait UIInterfaceOrientationLandscapeLeft UIInterfaceOrientationLandscapeRight";
				IPHONEOS_DEPLOYMENT_TARGET = 13.0;
				LD_RUNPATH_SEARCH_PATHS = (
					"$(inherited)",
					"@executable_path/Frameworks",
				);
				MARKETING_VERSION = 1.0;
				PRODUCT_BUNDLE_IDENTIFIER = com.hackgt.TQM;
				PRODUCT_NAME = "$(TARGET_NAME)";
				SWIFT_EMIT_LOC_STRINGS = YES;
				SWIFT_VERSION = 5.0;
				TARGETED_DEVICE_FAMILY = "1,2";
			};
			name = Debug;
		};
		6F0F06722ADA541500B1F598 /* Release */ = {
			isa = XCBuildConfiguration;
			buildSettings = {
				ASSETCATALOG_COMPILER_APPICON_NAME = AppIcon;
				ASSETCATALOG_COMPILER_GLOBAL_ACCENT_COLOR_NAME = AccentColor;
				CODE_SIGN_STYLE = Automatic;
				CURRENT_PROJECT_VERSION = 1;
				DEVELOPMENT_TEAM = 4HFU7JS54M;
				GENERATE_INFOPLIST_FILE = YES;
				INFOPLIST_FILE = TQM/Info.plist;
				INFOPLIST_KEY_CFBundleDisplayName = TQM;
				INFOPLIST_KEY_LSApplicationCategoryType = "public.app-category.social-networking";
				INFOPLIST_KEY_UIApplicationSupportsIndirectInputEvents = YES;
				INFOPLIST_KEY_UILaunchStoryboardName = LaunchScreen;
				INFOPLIST_KEY_UIMainStoryboardFile = Main;
				INFOPLIST_KEY_UISupportedInterfaceOrientations_iPad = "UIInterfaceOrientationPortrait UIInterfaceOrientationPortraitUpsideDown UIInterfaceOrientationLandscapeLeft UIInterfaceOrientationLandscapeRight";
				INFOPLIST_KEY_UISupportedInterfaceOrientations_iPhone = "UIInterfaceOrientationPortrait UIInterfaceOrientationLandscapeLeft UIInterfaceOrientationLandscapeRight";
				IPHONEOS_DEPLOYMENT_TARGET = 13.0;
				LD_RUNPATH_SEARCH_PATHS = (
					"$(inherited)",
					"@executable_path/Frameworks",
				);
				MARKETING_VERSION = 1.0;
				PRODUCT_BUNDLE_IDENTIFIER = com.hackgt.TQM;
				PRODUCT_NAME = "$(TARGET_NAME)";
				SWIFT_EMIT_LOC_STRINGS = YES;
				SWIFT_VERSION = 5.0;
				TARGETED_DEVICE_FAMILY = "1,2";
			};
			name = Release;
		};
		6F0F06742ADA541500B1F598 /* Debug */ = {
			isa = XCBuildConfiguration;
			buildSettings = {
				ALWAYS_EMBED_SWIFT_STANDARD_LIBRARIES = YES;
				BUNDLE_LOADER = "$(TEST_HOST)";
				CODE_SIGN_STYLE = Automatic;
				CURRENT_PROJECT_VERSION = 1;
				GENERATE_INFOPLIST_FILE = YES;
				IPHONEOS_DEPLOYMENT_TARGET = 17.0;
				MARKETING_VERSION = 1.0;
				PRODUCT_BUNDLE_IDENTIFIER = com.hackgt.TQMTests;
				PRODUCT_NAME = "$(TARGET_NAME)";
				SWIFT_EMIT_LOC_STRINGS = NO;
				SWIFT_VERSION = 5.0;
				TARGETED_DEVICE_FAMILY = "1,2";
				TEST_HOST = "$(BUILT_PRODUCTS_DIR)/TQM.app/$(BUNDLE_EXECUTABLE_FOLDER_PATH)/TQM";
			};
			name = Debug;
		};
		6F0F06752ADA541500B1F598 /* Release */ = {
			isa = XCBuildConfiguration;
			buildSettings = {
				ALWAYS_EMBED_SWIFT_STANDARD_LIBRARIES = YES;
				BUNDLE_LOADER = "$(TEST_HOST)";
				CODE_SIGN_STYLE = Automatic;
				CURRENT_PROJECT_VERSION = 1;
				GENERATE_INFOPLIST_FILE = YES;
				IPHONEOS_DEPLOYMENT_TARGET = 17.0;
				MARKETING_VERSION = 1.0;
				PRODUCT_BUNDLE_IDENTIFIER = com.hackgt.TQMTests;
				PRODUCT_NAME = "$(TARGET_NAME)";
				SWIFT_EMIT_LOC_STRINGS = NO;
				SWIFT_VERSION = 5.0;
				TARGETED_DEVICE_FAMILY = "1,2";
				TEST_HOST = "$(BUILT_PRODUCTS_DIR)/TQM.app/$(BUNDLE_EXECUTABLE_FOLDER_PATH)/TQM";
			};
			name = Release;
		};
		6F0F06772ADA541500B1F598 /* Debug */ = {
			isa = XCBuildConfiguration;
			buildSettings = {
				ALWAYS_EMBED_SWIFT_STANDARD_LIBRARIES = YES;
				CODE_SIGN_STYLE = Automatic;
				CURRENT_PROJECT_VERSION = 1;
				GENERATE_INFOPLIST_FILE = YES;
				MARKETING_VERSION = 1.0;
				PRODUCT_BUNDLE_IDENTIFIER = com.hackgt.TQMUITests;
				PRODUCT_NAME = "$(TARGET_NAME)";
				SWIFT_EMIT_LOC_STRINGS = NO;
				SWIFT_VERSION = 5.0;
				TARGETED_DEVICE_FAMILY = "1,2";
				TEST_TARGET_NAME = TQM;
			};
			name = Debug;
		};
		6F0F06782ADA541500B1F598 /* Release */ = {
			isa = XCBuildConfiguration;
			buildSettings = {
				ALWAYS_EMBED_SWIFT_STANDARD_LIBRARIES = YES;
				CODE_SIGN_STYLE = Automatic;
				CURRENT_PROJECT_VERSION = 1;
				GENERATE_INFOPLIST_FILE = YES;
				MARKETING_VERSION = 1.0;
				PRODUCT_BUNDLE_IDENTIFIER = com.hackgt.TQMUITests;
				PRODUCT_NAME = "$(TARGET_NAME)";
				SWIFT_EMIT_LOC_STRINGS = NO;
				SWIFT_VERSION = 5.0;
				TARGETED_DEVICE_FAMILY = "1,2";
				TEST_TARGET_NAME = TQM;
			};
			name = Release;
		};
/* End XCBuildConfiguration section */

/* Begin XCConfigurationList section */
		6F0F06412ADA541400B1F598 /* Build configuration list for PBXProject "TQM" */ = {
			isa = XCConfigurationList;
			buildConfigurations = (
				6F0F066E2ADA541500B1F598 /* Debug */,
				6F0F066F2ADA541500B1F598 /* Release */,
			);
			defaultConfigurationIsVisible = 0;
			defaultConfigurationName = Release;
		};
		6F0F06702ADA541500B1F598 /* Build configuration list for PBXNativeTarget "TQM" */ = {
			isa = XCConfigurationList;
			buildConfigurations = (
				6F0F06712ADA541500B1F598 /* Debug */,
				6F0F06722ADA541500B1F598 /* Release */,
			);
			defaultConfigurationIsVisible = 0;
			defaultConfigurationName = Release;
		};
		6F0F06732ADA541500B1F598 /* Build configuration list for PBXNativeTarget "TQMTests" */ = {
			isa = XCConfigurationList;
			buildConfigurations = (
				6F0F06742ADA541500B1F598 /* Debug */,
				6F0F06752ADA541500B1F598 /* Release */,
			);
			defaultConfigurationIsVisible = 0;
			defaultConfigurationName = Release;
		};
		6F0F06762ADA541500B1F598 /* Build configuration list for PBXNativeTarget "TQMUITests" */ = {
			isa = XCConfigurationList;
			buildConfigurations = (
				6F0F06772ADA541500B1F598 /* Debug */,
				6F0F06782ADA541500B1F598 /* Release */,
			);
			defaultConfigurationIsVisible = 0;
			defaultConfigurationName = Release;
		};
/* End XCConfigurationList section */

/* Begin XCRemoteSwiftPackageReference section */
		6FC0EE732ADBB09100212D86 /* XCRemoteSwiftPackageReference "firebase-ios-sdk" */ = {
			isa = XCRemoteSwiftPackageReference;
			repositoryURL = "https://github.com/firebase/firebase-ios-sdk";
			requirement = {
				kind = upToNextMajorVersion;
				minimumVersion = 10.16.0;
			};
		};
/* End XCRemoteSwiftPackageReference section */

/* Begin XCSwiftPackageProductDependency section */
		6FB2E79B2ADBB1EE00790D2D /* FirebaseAuth */ = {
			isa = XCSwiftPackageProductDependency;
			package = 6FC0EE732ADBB09100212D86 /* XCRemoteSwiftPackageReference "firebase-ios-sdk" */;
			productName = FirebaseAuth;
		};
		6FB2E79D2ADBB1EE00790D2D /* FirebaseFirestore */ = {
			isa = XCSwiftPackageProductDependency;
			package = 6FC0EE732ADBB09100212D86 /* XCRemoteSwiftPackageReference "firebase-ios-sdk" */;
			productName = FirebaseFirestore;
		};
		6FB2E79F2ADBB1EE00790D2D /* FirebaseFirestoreSwift */ = {
			isa = XCSwiftPackageProductDependency;
			package = 6FC0EE732ADBB09100212D86 /* XCRemoteSwiftPackageReference "firebase-ios-sdk" */;
			productName = FirebaseFirestoreSwift;
		};
		6FB2E7A12ADBB1EE00790D2D /* FirebaseFunctions */ = {
			isa = XCSwiftPackageProductDependency;
			package = 6FC0EE732ADBB09100212D86 /* XCRemoteSwiftPackageReference "firebase-ios-sdk" */;
			productName = FirebaseFunctions;
		};
		6FB2E7A32ADBB1EE00790D2D /* FirebaseStorage */ = {
			isa = XCSwiftPackageProductDependency;
			package = 6FC0EE732ADBB09100212D86 /* XCRemoteSwiftPackageReference "firebase-ios-sdk" */;
			productName = FirebaseStorage;
		};
/* End XCSwiftPackageProductDependency section */
	};
	rootObject = 6F0F063E2ADA541400B1F598 /* Project object */;
}
